{
    "_readme": [
        "This file locks the dependencies of your project to a known state",
        "Read more about it at https://getcomposer.org/doc/01-basic-usage.md#installing-dependencies",
        "This file is @generated automatically"
    ],
    "content-hash": "ea368f794180d1612cc9f1e76f07344f",
    "packages": [
        {
            "name": "ergebnis/json-printer",
            "version": "3.5.0",
            "source": {
                "type": "git",
                "url": "https://github.com/ergebnis/json-printer.git",
                "reference": "549e16fe6de34b8c3aee7b421be12caa552f3ced"
            },
            "dist": {
                "type": "zip",
                "url": "https://api.github.com/repos/ergebnis/json-printer/zipball/549e16fe6de34b8c3aee7b421be12caa552f3ced",
                "reference": "549e16fe6de34b8c3aee7b421be12caa552f3ced",
                "shasum": ""
            },
            "require": {
                "ext-json": "*",
                "ext-mbstring": "*",
                "php": "~7.4.0 || ~8.0.0 || ~8.1.0 || ~8.2.0 || ~8.3.0"
            },
            "require-dev": {
                "ergebnis/data-provider": "^3.2.0",
                "ergebnis/license": "^2.4.0",
                "ergebnis/php-cs-fixer-config": "^6.20.0",
                "ergebnis/phpunit-slow-test-detector": "^2.9.0",
                "fakerphp/faker": "^1.23.1",
                "infection/infection": "~0.26.6",
                "phpunit/phpunit": "^9.6.16",
                "psalm/plugin-phpunit": "~0.18.4",
                "rector/rector": "~0.19.2",
                "vimeo/psalm": "^5.20.0"
            },
            "type": "library",
            "autoload": {
                "psr-4": {
                    "Ergebnis\\Json\\Printer\\": "src/"
                }
            },
            "notification-url": "https://packagist.org/downloads/",
            "license": [
                "MIT"
            ],
            "authors": [
                {
                    "name": "Andreas Möller",
                    "email": "am@localheinz.com",
                    "homepage": "https://localheinz.com"
                }
            ],
            "description": "Provides a JSON printer, allowing for flexible indentation.",
            "homepage": "https://github.com/ergebnis/json-printer",
            "keywords": [
                "formatter",
                "json",
                "printer"
            ],
            "support": {
                "issues": "https://github.com/ergebnis/json-printer/issues",
                "security": "https://github.com/ergebnis/json-printer/blob/main/.github/SECURITY.md",
                "source": "https://github.com/ergebnis/json-printer"
            },
            "time": "2024-01-29T15:33:37+00:00"
        }
    ],
    "packages-dev": [],
    "aliases": [],
    "minimum-stability": "stable",
    "stability-flags": [],
    "prefer-stable": false,
    "prefer-lowest": false,
    "platform": [],
    "platform-dev": [],
    "plugin-api-version": "2.3.0"
}
